
Microsoft Visual Studio Solution File, Format Version 12.00
# Visual Studio Version 17
VisualStudioVersion = 17.11.35312.102
MinimumVisualStudioVersion = 10.0.40219.1
Project("{FAE04EC0-301F-11D3-BF4B-00C04F79EFBC}") = "Mapa de Clases", "Mapa de Clases\Mapa de Clases.csproj", "{E6C35E95-B75F-4586-AB5E-17C3EC90AD02}"
EndProject
Global
	GlobalSection(SolutionConfigurationPlatforms) = preSolution
		Debug|Any CPU = Debug|Any CPU
		Release|Any CPU = Release|Any CPU
	EndGlobalSection
	GlobalSection(ProjectConfigurationPlatforms) = postSolution
		{E6C35E95-B75F-4586-AB5E-17C3EC90AD02}.Debug|Any CPU.ActiveCfg = Debug|Any CPU
		{E6C35E95-B75F-4586-AB5E-17C3EC90AD02}.Debug|Any CPU.Build.0 = Debug|Any CPU
		{E6C35E95-B75F-4586-AB5E-17C3EC90AD02}.Release|Any CPU.ActiveCfg = Release|Any CPU
		{E6C35E95-B75F-4586-AB5E-17C3EC90AD02}.Release|Any CPU.Build.0 = Release|Any CPU
	EndGlobalSection
	GlobalSection(SolutionProperties) = preSolution
		HideSolutionNode = FALSE
	EndGlobalSection
	GlobalSection(ExtensibilityGlobals) = postSolution
		SolutionGuid = {88107D37-84E7-4038-83DD-AB2AB1B36645}
	EndGlobalSection
EndGlobal
